dependencies:
- name: proving-service
  repository: https://acp-pcvcf.github.io/proving-service/
  version: 0.1.0
- name: pcf-registry
  repository: https://acp-pcvcf.github.io/pcf-registry/
  version: 0.1.0
- name: camunda-service
  repository: https://acp-pcvcf.github.io/camunda-service/
  version: 0.1.0
- name: verifier-service
  repository: https://acp-pcvcf.github.io/verifier/
  version: 0.1.0
- name: sensor-key-registry
  repository: https://acp-pcvcf.github.io/sensor-key-registry/
  version: 0.1.0
- name: sensor-data-service
  repository: https://acp-pcvcf.github.io/sensor-data-service/
  version: 0.1.1
- name: camunda-platform
  repository: https://helm.camunda.io
  version: 11.2.0
- name: kafka
  repository: https://charts.bitnami.com/bitnami
  version: 32.4.2
digest: sha256:e7ca686bb136c2017379bb76ade426e19fbb0fcf0bfdd45851ea0f16db6396f2
generated: "2025-08-29T17:29:42.506489+02:00"
